# This file is automatically @generated by Poetry 1.8.2 and should not be changed by hand.

[[package]]
name = "construct"
version = "2.10.70"
description = "A powerful declarative symmetric parser/builder for binary data"
optional = false
python-versions = ">=3.6"
files = [
    {file = "construct-2.10.70-py3-none-any.whl", hash = "sha256:c80be81ef595a1a821ec69dc16099550ed22197615f4320b57cc9ce2a672cb30"},
    {file = "construct-2.10.70.tar.gz", hash = "sha256:4d2472f9684731e58cc9c56c463be63baa1447d674e0d66aeb5627b22f512c29"},
]

[package.extras]
extras = ["arrow", "cloudpickle", "cryptography", "lz4", "numpy", "ruamel.yaml"]

[[package]]
name = "dawdreamer"
version = "0.8.0"
description = "An audio-processing Python library supporting core DAW features"
optional = false
python-versions = ">=3.8"
files = [
    {file = "dawdreamer-0.8.0-cp310-cp310-macosx_11_0_arm64.whl", hash = "sha256:0b23e7ae519d69ba82bfb1da44fc5250465d113a16ebfcc91bae50ac11f8627e"},
    {file = "dawdreamer-0.8.0-cp310-cp310-macosx_11_0_x86_64.whl", hash = "sha256:048003d774a51824305026cb9c022cfc857596271ae13377ce15393b22ff6e25"},
    {file = "dawdreamer-0.8.0-cp310-cp310-manylinux_2_17_x86_64.manylinux2014_x86_64.whl", hash = "sha256:03a1d7d09ebcc1a489d05593f1c86c45e0913344216bf6c77fe3dbac4ec9d7dc"},
    {file = "dawdreamer-0.8.0-cp310-cp310-win_amd64.whl", hash = "sha256:2edc28062da72b56fad8c5b0ec8538bfa6d6ff739eb60c9c1b9dff3c6ae87e61"},
    {file = "dawdreamer-0.8.0-cp311-cp311-macosx_11_0_arm64.whl", hash = "sha256:bd36ff5051b647b420dd9d92baa037d29daef65cbb5877795f1f120d74abee68"},
    {file = "dawdreamer-0.8.0-cp311-cp311-macosx_11_0_x86_64.whl", hash = "sha256:73f0dfdcba2210d58633331e8606d1aee8a3ade064891a8d4143a5679e1b0d30"},
    {file = "dawdreamer-0.8.0-cp311-cp311-manylinux_2_17_x86_64.manylinux2014_x86_64.whl", hash = "sha256:667e952abe823774c464ad268505e1af337fff67d0ff0b10f106916e4547c70e"},
    {file = "dawdreamer-0.8.0-cp311-cp311-win_amd64.whl", hash = "sha256:484e05c29d37e3b3204cbb347d9249152a61d7a50544bd060f7fcc4999edee69"},
    {file = "dawdreamer-0.8.0-cp312-cp312-macosx_11_0_arm64.whl", hash = "sha256:cac2ea15835bf147ce55ca39289118294ec157f43c519baed39c2bfa6ffae3b1"},
    {file = "dawdreamer-0.8.0-cp312-cp312-macosx_11_0_x86_64.whl", hash = "sha256:bb2f2f216704800357ee01871508c12c394cab4e96cc061a68d7655a95457feb"},
    {file = "dawdreamer-0.8.0-cp312-cp312-manylinux_2_17_x86_64.manylinux2014_x86_64.whl", hash = "sha256:e1774e9001d2b1bbc408bfff40088c2ec6ea0ea234e8810881fdafb3cd7e12e6"},
    {file = "dawdreamer-0.8.0-cp312-cp312-win_amd64.whl", hash = "sha256:779eea2f957381b0890dfa35550af15b955a2cd0bddf34859eb857668243d118"},
    {file = "dawdreamer-0.8.0-cp38-cp38-manylinux_2_17_x86_64.manylinux2014_x86_64.whl", hash = "sha256:5e34842665d46b10ac2b3971ab17f3fd9af67b51411e23768a9d91497948fb5f"},
    {file = "dawdreamer-0.8.0-cp38-cp38-win_amd64.whl", hash = "sha256:a076e6ac9aa7f3cf6a0df55586250a20d9a64bf4037bbc1750df8db755eaf9d4"},
    {file = "dawdreamer-0.8.0-cp39-cp39-macosx_11_0_arm64.whl", hash = "sha256:ee37a92fdf2ec067dc59a298d59f897906842ff40a635853ea24329ad36beda3"},
    {file = "dawdreamer-0.8.0-cp39-cp39-macosx_11_0_x86_64.whl", hash = "sha256:ae9040d63def8335ed60e0b66cb27a2ce3985c6e1f7224793aa5bd04a59862ec"},
    {file = "dawdreamer-0.8.0-cp39-cp39-manylinux_2_17_x86_64.manylinux2014_x86_64.whl", hash = "sha256:33ed6ea58fe75c76b7a7b23e2aafde6e9f86629be861a83f200dd43f69cafcf5"},
    {file = "dawdreamer-0.8.0-cp39-cp39-win_amd64.whl", hash = "sha256:4a3d0f1a3e0a1c7d35f61fbbda727695ac4cc04625878d84e34ee7b907a96976"},
]

[[package]]
name = "fxp"
version = "0.1.0"
description = "VST2.x plugin FXP preset parser"
optional = false
python-versions = ">=3.6"
files = [
    {file = "fxp-0.1.0-py3-none-any.whl", hash = "sha256:d45383a8514afb3a6d9fd6908b0493421b04261eae06df1cb084a4ffb3a9b17f"},
    {file = "fxp-0.1.0.tar.gz", hash = "sha256:70bec8131f7e1a0696acdb214868527d77826b75b92ad93c748f298d32629b9c"},
]

[metadata]
lock-version = "2.0"
python-versions = "^3.12"
content-hash = "5272cb082e2fdfb8d6a3abd54a64455d80876174e8c24b4d436f89d0c7b0a92a"
